{
  "name": "@fiber-ui/css",
  "version": "0.0.1",
  "lockfileVersion": 1,
  "requires": true,
  "dependencies": {
    "styling-utilities": {
      "version": "2.7.0",
      "resolved": "https://registry.npmjs.org/styling-utilities/-/styling-utilities-2.7.0.tgz",
      "integrity": "sha512-9ysUkoe6zCDCkIy5g/gXBTZQRoUYx4mV60LJCZ2Xbkv5xSECFjw1Y3WWYtxtAvWo8mf3m5UCZ0Y5wcqrfzUGfw=="
    }
  }
}
